<?xml version="1.0" encoding="utf-8"?>
<Project ToolsVersion="4.0" xmlns="http://schemas.microsoft.com/developer/msbuild/2003">
  <ItemGroup>
    <Filter Include="源文件">
      <UniqueIdentifier>{4FC737F1-C7A5-4376-A066-2A32D752A2FF}</UniqueIdentifier>
      <Extensions>cpp;c;cc;cxx;def;odl;idl;hpj;bat;asm;asmx</Extensions>
    </Filter>
    <Filter Include="头文件">
      <UniqueIdentifier>{93995380-89BD-4b04-88EB-625FBE52EBFB}</UniqueIdentifier>
      <Extensions>h;hpp;hxx;hm;inl;inc;xsd</Extensions>
    </Filter>
    <Filter Include="资源文件">
      <UniqueIdentifier>{67DA6AB6-F800-4c08-8B7A-83BB121AAD01}</UniqueIdentifier>
      <Extensions>rc;ico;cur;bmp;dlg;rc2;rct;bin;rgs;gif;jpg;jpeg;jpe;resx;tiff;tif;png;wav;mfcribbon-ms</Extensions>
    </Filter>
  </ItemGroup>
  <ItemGroup>
    <None Include="ReadMe.txt" />
  </ItemGroup>
  <ItemGroup>
    <ClInclude Include="stdafx.h">
      <Filter>头文件</Filter>
    </ClInclude>
    <ClInclude Include="targetver.h">
      <Filter>头文件</Filter>
    </ClInclude>
    <ClInclude Include="resource.h">
      <Filter>头文件</Filter>
    </ClInclude>
    <ClInclude Include="src\KAgmrsData.h">
      <Filter>头文件</Filter>
    </ClInclude>
    <ClInclude Include="src\KAgmrsDataProcessor.h">
      <Filter>头文件</Filter>
    </ClInclude>
    <ClInclude Include="src\KAgmrsAlgorithm.h">
      <Filter>头文件</Filter>
    </ClInclude>
    <ClInclude Include="src\KAvhrrAlgorithm.h">
      <Filter>头文件</Filter>
    </ClInclude>
    <ClInclude Include="src\KAvhrrData.h">
      <Filter>头文件</Filter>
    </ClInclude>
    <ClInclude Include="src\KAvhrrDataProcessor.h">
      <Filter>头文件</Filter>
    </ClInclude>
    <ClInclude Include="src\KMersiAlgorithm.h">
      <Filter>头文件</Filter>
    </ClInclude>
    <ClInclude Include="src\KMersiData.h">
      <Filter>头文件</Filter>
    </ClInclude>
    <ClInclude Include="src\KMersiDataProcessor.h">
      <Filter>头文件</Filter>
    </ClInclude>
    <ClInclude Include="src\KModisAlgorithm.h">
      <Filter>头文件</Filter>
    </ClInclude>
    <ClInclude Include="src\KModisData.h">
      <Filter>头文件</Filter>
    </ClInclude>
    <ClInclude Include="src\KModisDataProcessor.h">
      <Filter>头文件</Filter>
    </ClInclude>
    <ClInclude Include="src\KVirrAlgorithm.h">
      <Filter>头文件</Filter>
    </ClInclude>
    <ClInclude Include="src\KVirrData.h">
      <Filter>头文件</Filter>
    </ClInclude>
    <ClInclude Include="src\KVirrDataProcessor.h">
      <Filter>头文件</Filter>
    </ClInclude>
    <ClInclude Include="src\KLDFile.h">
      <Filter>头文件</Filter>
    </ClInclude>
    <ClInclude Include="src\KLDFileProcessor.h">
      <Filter>头文件</Filter>
    </ClInclude>
    <ClInclude Include="src\KLDAlgorithm.h">
      <Filter>头文件</Filter>
    </ClInclude>
    <ClInclude Include="src\KAgmrsThreshold.h">
      <Filter>头文件</Filter>
    </ClInclude>
  </ItemGroup>
  <ItemGroup>
    <ClCompile Include="stdafx.cpp">
      <Filter>源文件</Filter>
    </ClCompile>
    <ClCompile Include="dllmain.cpp">
      <Filter>源文件</Filter>
    </ClCompile>
    <ClCompile Include="src\KAgmrsData.cpp">
      <Filter>源文件</Filter>
    </ClCompile>
    <ClCompile Include="src\KAgmrsDataProcessor.cpp">
      <Filter>源文件</Filter>
    </ClCompile>
    <ClCompile Include="src\KAgmrsAlgorithm.cpp">
      <Filter>源文件</Filter>
    </ClCompile>
    <ClCompile Include="src\KAvhrrAlgorithm.cpp">
      <Filter>源文件</Filter>
    </ClCompile>
    <ClCompile Include="src\KAvhrrData.cpp">
      <Filter>源文件</Filter>
    </ClCompile>
    <ClCompile Include="src\KAvhrrDataProcessor.cpp">
      <Filter>源文件</Filter>
    </ClCompile>
    <ClCompile Include="src\KMersiAlgorithm.cpp">
      <Filter>源文件</Filter>
    </ClCompile>
    <ClCompile Include="src\KMersiData.cpp">
      <Filter>源文件</Filter>
    </ClCompile>
    <ClCompile Include="src\KMersiDataProcessor.cpp">
      <Filter>源文件</Filter>
    </ClCompile>
    <ClCompile Include="src\KModisAlgorithm.cpp">
      <Filter>源文件</Filter>
    </ClCompile>
    <ClCompile Include="src\KModisData.cpp">
      <Filter>源文件</Filter>
    </ClCompile>
    <ClCompile Include="src\KModisDataProcessor.cpp">
      <Filter>源文件</Filter>
    </ClCompile>
    <ClCompile Include="src\KVirrAlgorithm.cpp">
      <Filter>头文件</Filter>
    </ClCompile>
    <ClCompile Include="src\KVirrData.cpp">
      <Filter>头文件</Filter>
    </ClCompile>
    <ClCompile Include="src\KVirrDataProcessor.cpp">
      <Filter>头文件</Filter>
    </ClCompile>
    <ClCompile Include="src\KLDFile.cpp">
      <Filter>源文件</Filter>
    </ClCompile>
    <ClCompile Include="src\KLDFileProcessor.cpp">
      <Filter>源文件</Filter>
    </ClCompile>
    <ClCompile Include="src\KLDAlgorithm.cpp">
      <Filter>源文件</Filter>
    </ClCompile>
    <ClCompile Include="src\KAgmrsThreshold.cpp">
      <Filter>源文件</Filter>
    </ClCompile>
  </ItemGroup>
  <ItemGroup>
    <ResourceCompile Include="KindAgmrs.rc">
      <Filter>资源文件</Filter>
    </ResourceCompile>
  </ItemGroup>
</Project>