<?xml version="1.0" encoding="utf-8"?>
<Project ToolsVersion="4.0" xmlns="http://schemas.microsoft.com/developer/msbuild/2003">
  <ItemGroup>
    <Filter Include="源文件">
      <UniqueIdentifier>{4FC737F1-C7A5-4376-A066-2A32D752A2FF}</UniqueIdentifier>
      <Extensions>cpp;c;cc;cxx;def;odl;idl;hpj;bat;asm;asmx</Extensions>
    </Filter>
    <Filter Include="头文件">
      <UniqueIdentifier>{93995380-89BD-4b04-88EB-625FBE52EBFB}</UniqueIdentifier>
      <Extensions>h;hpp;hxx;hm;inl;inc;xsd</Extensions>
    </Filter>
    <Filter Include="资源文件">
      <UniqueIdentifier>{67DA6AB6-F800-4c08-8B7A-83BB121AAD01}</UniqueIdentifier>
      <Extensions>rc;ico;cur;bmp;dlg;rc2;rct;bin;rgs;gif;jpg;jpeg;jpe;resx;tiff;tif;png;wav;mfcribbon-ms</Extensions>
    </Filter>
  </ItemGroup>
  <ItemGroup>
    <None Include="ReadMe.txt" />
  </ItemGroup>
  <ItemGroup>
    <ClInclude Include="stdafx.h">
      <Filter>头文件</Filter>
    </ClInclude>
    <ClInclude Include="targetver.h">
      <Filter>头文件</Filter>
    </ClInclude>
    <ClInclude Include="resource.h">
      <Filter>头文件</Filter>
    </ClInclude>
    <ClInclude Include="src\KRenderEngine.h">
      <Filter>头文件</Filter>
    </ClInclude>
    <ClInclude Include="src\KFrustum.h">
      <Filter>头文件</Filter>
    </ClInclude>
    <ClInclude Include="src\KQuaternion.h">
      <Filter>头文件</Filter>
    </ClInclude>
    <ClInclude Include="src\KCamera.h">
      <Filter>头文件</Filter>
    </ClInclude>
    <ClInclude Include="src\KPoint3D.h">
      <Filter>头文件</Filter>
    </ClInclude>
    <ClInclude Include="src\CustomVertex.h">
      <Filter>头文件</Filter>
    </ClInclude>
    <ClInclude Include="src\KEarthCamera.h">
      <Filter>头文件</Filter>
    </ClInclude>
    <ClInclude Include="src\KWorldCamera.h">
      <Filter>头文件</Filter>
    </ClInclude>
    <ClInclude Include="src\KViewport3D.h">
      <Filter>头文件</Filter>
    </ClInclude>
    <ClInclude Include="src\KVector3.h">
      <Filter>头文件</Filter>
    </ClInclude>
    <ClInclude Include="src\KWorld.h">
      <Filter>头文件</Filter>
    </ClInclude>
    <ClInclude Include="src\KTarget3D.h">
      <Filter>头文件</Filter>
    </ClInclude>
    <ClInclude Include="src\KRenderableTarget3D.h">
      <Filter>头文件</Filter>
    </ClInclude>
    <ClInclude Include="src\KEarth.h">
      <Filter>头文件</Filter>
    </ClInclude>
    <ClInclude Include="src\KMathEngine.h">
      <Filter>头文件</Filter>
    </ClInclude>
    <ClInclude Include="src\KBoundingBox3D.h">
      <Filter>头文件</Filter>
    </ClInclude>
    <ClInclude Include="src\KPlane.h">
      <Filter>头文件</Filter>
    </ClInclude>
  </ItemGroup>
  <ItemGroup>
    <ClCompile Include="stdafx.cpp">
      <Filter>源文件</Filter>
    </ClCompile>
    <ClCompile Include="dllmain.cpp">
      <Filter>源文件</Filter>
    </ClCompile>
    <ClCompile Include="src\KRenderEngine.cpp">
      <Filter>源文件</Filter>
    </ClCompile>
    <ClCompile Include="src\KFrustum.cpp">
      <Filter>源文件</Filter>
    </ClCompile>
    <ClCompile Include="src\KQuaternion.cpp">
      <Filter>源文件</Filter>
    </ClCompile>
    <ClCompile Include="src\KCamera.cpp">
      <Filter>源文件</Filter>
    </ClCompile>
    <ClCompile Include="src\KPoint3D.cpp">
      <Filter>源文件</Filter>
    </ClCompile>
    <ClCompile Include="src\CustomVertex.cpp">
      <Filter>源文件</Filter>
    </ClCompile>
    <ClCompile Include="src\KEarthCamera.cpp">
      <Filter>源文件</Filter>
    </ClCompile>
    <ClCompile Include="src\KWorldCamera.cpp">
      <Filter>源文件</Filter>
    </ClCompile>
    <ClCompile Include="src\KViewport3D.cpp">
      <Filter>源文件</Filter>
    </ClCompile>
    <ClCompile Include="src\KVector3.cpp">
      <Filter>源文件</Filter>
    </ClCompile>
    <ClCompile Include="src\KWorld.cpp">
      <Filter>源文件</Filter>
    </ClCompile>
    <ClCompile Include="src\KTarget3D.cpp">
      <Filter>源文件</Filter>
    </ClCompile>
    <ClCompile Include="src\KRenderableTarget3D.cpp">
      <Filter>源文件</Filter>
    </ClCompile>
    <ClCompile Include="src\KEarth.cpp">
      <Filter>源文件</Filter>
    </ClCompile>
    <ClCompile Include="src\KMathEngine.cpp">
      <Filter>源文件</Filter>
    </ClCompile>
    <ClCompile Include="src\KBoundingBox3D.cpp">
      <Filter>源文件</Filter>
    </ClCompile>
    <ClCompile Include="src\KPlane.cpp">
      <Filter>源文件</Filter>
    </ClCompile>
  </ItemGroup>
  <ItemGroup>
    <ResourceCompile Include="KindVision3D.rc">
      <Filter>资源文件</Filter>
    </ResourceCompile>
  </ItemGroup>
</Project>