<?xml version="1.0" encoding="utf-8"?>
<Project ToolsVersion="4.0" xmlns="http://schemas.microsoft.com/developer/msbuild/2003">
  <ItemGroup>
    <Filter Include="源文件">
      <UniqueIdentifier>{4FC737F1-C7A5-4376-A066-2A32D752A2FF}</UniqueIdentifier>
      <Extensions>cpp;c;cc;cxx;def;odl;idl;hpj;bat;asm;asmx</Extensions>
    </Filter>
    <Filter Include="头文件">
      <UniqueIdentifier>{93995380-89BD-4b04-88EB-625FBE52EBFB}</UniqueIdentifier>
      <Extensions>h;hpp;hxx;hm;inl;inc;xsd</Extensions>
    </Filter>
    <Filter Include="资源文件">
      <UniqueIdentifier>{67DA6AB6-F800-4c08-8B7A-83BB121AAD01}</UniqueIdentifier>
      <Extensions>rc;ico;cur;bmp;dlg;rc2;rct;bin;rgs;gif;jpg;jpeg;jpe;resx;tiff;tif;png;wav;mfcribbon-ms</Extensions>
    </Filter>
  </ItemGroup>
  <ItemGroup>
    <None Include="ReadMe.txt" />
    <None Include="..\Devlog.txt" />
  </ItemGroup>
  <ItemGroup>
    <ClInclude Include="stdafx.h">
      <Filter>头文件</Filter>
    </ClInclude>
    <ClInclude Include="targetver.h">
      <Filter>头文件</Filter>
    </ClInclude>
    <ClInclude Include="resource.h">
      <Filter>头文件</Filter>
    </ClInclude>
    <ClInclude Include="src\KBytesOrder.h">
      <Filter>头文件</Filter>
    </ClInclude>
    <ClInclude Include="src\KGlobal.h">
      <Filter>头文件</Filter>
    </ClInclude>
    <ClInclude Include="src\TCollection.h">
      <Filter>头文件</Filter>
    </ClInclude>
    <ClInclude Include="src\TEventHandler.h">
      <Filter>头文件</Filter>
    </ClInclude>
    <ClInclude Include="src\TMatrix.h">
      <Filter>头文件</Filter>
    </ClInclude>
    <ClInclude Include="src\KException.h">
      <Filter>头文件</Filter>
    </ClInclude>
    <ClInclude Include="src\KString.h">
      <Filter>头文件</Filter>
    </ClInclude>
    <ClInclude Include="src\TPtrCollection.h">
      <Filter>头文件</Filter>
    </ClInclude>
    <ClInclude Include="src\KObject.h">
      <Filter>头文件</Filter>
    </ClInclude>
    <ClInclude Include="src\KExtents.h">
      <Filter>头文件</Filter>
    </ClInclude>
    <ClInclude Include="src\KDataInfo.h">
      <Filter>头文件</Filter>
    </ClInclude>
    <ClInclude Include="src\KObjectCollection.h">
      <Filter>头文件</Filter>
    </ClInclude>
    <ClInclude Include="src\KObjectPtrCollection.h">
      <Filter>头文件</Filter>
    </ClInclude>
    <ClInclude Include="src\KStationInfo.h">
      <Filter>头文件</Filter>
    </ClInclude>
    <ClInclude Include="src\KStation.h">
      <Filter>头文件</Filter>
    </ClInclude>
    <ClInclude Include="src\KGridInfo.h">
      <Filter>头文件</Filter>
    </ClInclude>
  </ItemGroup>
  <ItemGroup>
    <ClCompile Include="stdafx.cpp">
      <Filter>源文件</Filter>
    </ClCompile>
    <ClCompile Include="dllmain.cpp">
      <Filter>源文件</Filter>
    </ClCompile>
    <ClCompile Include="src\KBytesOrder.cpp">
      <Filter>源文件</Filter>
    </ClCompile>
    <ClCompile Include="src\KGlobal.cpp">
      <Filter>源文件</Filter>
    </ClCompile>
    <ClCompile Include="src\KException.cpp">
      <Filter>源文件</Filter>
    </ClCompile>
    <ClCompile Include="src\KString.cpp">
      <Filter>源文件</Filter>
    </ClCompile>
    <ClCompile Include="src\KObject.cpp">
      <Filter>源文件</Filter>
    </ClCompile>
    <ClCompile Include="src\KExtents.cpp">
      <Filter>源文件</Filter>
    </ClCompile>
    <ClCompile Include="src\KDataInfo.cpp">
      <Filter>源文件</Filter>
    </ClCompile>
    <ClCompile Include="src\KObjectCollection.cpp">
      <Filter>源文件</Filter>
    </ClCompile>
    <ClCompile Include="src\KObjectPtrCollection.cpp">
      <Filter>源文件</Filter>
    </ClCompile>
    <ClCompile Include="src\KStation.cpp">
      <Filter>源文件</Filter>
    </ClCompile>
    <ClCompile Include="src\KStationInfo.cpp">
      <Filter>源文件</Filter>
    </ClCompile>
    <ClCompile Include="src\KGridInfo.cpp">
      <Filter>源文件</Filter>
    </ClCompile>
  </ItemGroup>
  <ItemGroup>
    <ResourceCompile Include="KindBase.rc">
      <Filter>资源文件</Filter>
    </ResourceCompile>
  </ItemGroup>
</Project>